
Microsoft Visual Studio Solution File, Format Version 12.00
# Visual Studio Version 16
VisualStudioVersion = 16.0.30621.155
MinimumVisualStudioVersion = 10.0.40219.1
Project("{8BC9CEB8-8B4A-11D0-8D11-00A0C91BC942}") = "Curse_filter_array", ".\Curse_filter_array\Curse_filter_array.vcxproj", "{F740431A-67A2-400B-BE56-1276052E701A}"
EndProject
Project("{8BC9CEB8-8B4A-11D0-8D11-00A0C91BC942}") = "Curse_filter_linked_list", ".\Curse_filter_linked_list\Curse_filter_linked_list.vcxproj", "{22857E13-3032-4C70-B985-A7A130167E0D}"
EndProject
Global
	GlobalSection(SolutionConfigurationPlatforms) = preSolution
		Debug|x64 = Debug|x64
		Debug|x86 = Debug|x86
		Release|x64 = Release|x64
		Release|x86 = Release|x86
	EndGlobalSection
	GlobalSection(ProjectConfigurationPlatforms) = postSolution
		{F740431A-67A2-400B-BE56-1276052E701A}.Debug|x64.ActiveCfg = Debug|x64
		{F740431A-67A2-400B-BE56-1276052E701A}.Debug|x64.Build.0 = Debug|x64
		{F740431A-67A2-400B-BE56-1276052E701A}.Debug|x86.ActiveCfg = Debug|Win32
		{F740431A-67A2-400B-BE56-1276052E701A}.Debug|x86.Build.0 = Debug|Win32
		{F740431A-67A2-400B-BE56-1276052E701A}.Release|x64.ActiveCfg = Release|x64
		{F740431A-67A2-400B-BE56-1276052E701A}.Release|x64.Build.0 = Release|x64
		{F740431A-67A2-400B-BE56-1276052E701A}.Release|x86.ActiveCfg = Release|Win32
		{F740431A-67A2-400B-BE56-1276052E701A}.Release|x86.Build.0 = Release|Win32
		{22857E13-3032-4C70-B985-A7A130167E0D}.Debug|x64.ActiveCfg = Debug|x64
		{22857E13-3032-4C70-B985-A7A130167E0D}.Debug|x64.Build.0 = Debug|x64
		{22857E13-3032-4C70-B985-A7A130167E0D}.Debug|x86.ActiveCfg = Debug|Win32
		{22857E13-3032-4C70-B985-A7A130167E0D}.Debug|x86.Build.0 = Debug|Win32
		{22857E13-3032-4C70-B985-A7A130167E0D}.Release|x64.ActiveCfg = Release|x64
		{22857E13-3032-4C70-B985-A7A130167E0D}.Release|x64.Build.0 = Release|x64
		{22857E13-3032-4C70-B985-A7A130167E0D}.Release|x86.ActiveCfg = Release|Win32
		{22857E13-3032-4C70-B985-A7A130167E0D}.Release|x86.Build.0 = Release|Win32
	EndGlobalSection
	GlobalSection(SolutionProperties) = preSolution
		HideSolutionNode = FALSE
	EndGlobalSection
	GlobalSection(ExtensibilityGlobals) = postSolution
		SolutionGuid = {D34F40B1-AF59-4599-AE92-B54C4543406A}
	EndGlobalSection
EndGlobal
